hash: 4f272028cd8da42fc477962bf0c2a009323db7e375cd0f5160c5db1cb39ce7eb
updated: 2018-02-09T15:26:11.934907755+01:00
imports:
- name: github.com/mattn/go-sqlite3
  version: 6c771bb9887719704b210e87e934f08be014bdb1
- name: github.com/stretchr/testify
  version: 69483b4bd14f5845b5a1e55bca19e954e827f1d0
  subpackages:
  - assert
testImports: []
